
Microsoft Visual Studio Solution File, Format Version 12.00
# Visual Studio Version 16
VisualStudioVersion = 16.0.31005.135
MinimumVisualStudioVersion = 15.0.26124.0
Project("{2150E333-8FDC-42A3-9474-1A3956D46DE8}") = "src", "src", "{2B270A78-A011-48CA-AFFF-EF5E532FE96A}"
EndProject
Project("{2150E333-8FDC-42A3-9474-1A3956D46DE8}") = "GA2.Transversals", "GA2.Transversals", "{13FA2262-718F-421E-9B52-C0AF8C42D9FD}"
EndProject
Project("{9A19103F-16F7-4668-BE54-9A1E7A4F7556}") = "Commons", "src\GA2.Transversals\Commons\Commons.csproj", "{2641728E-E133-4DBC-B22E-FD431399D987}"
EndProject
Project("{9A19103F-16F7-4668-BE54-9A1E7A4F7556}") = "Mappers", "src\GA2.Transversals\Mappers\Mappers.csproj", "{25BD843C-4374-4048-BB1F-A5DBE9564E00}"
EndProject
Project("{2150E333-8FDC-42A3-9474-1A3956D46DE8}") = "GA2.Infraestructure", "GA2.Infraestructure", "{50993AE4-2FF5-4727-B370-371EBDB04CCE}"
EndProject
Project("{9A19103F-16F7-4668-BE54-9A1E7A4F7556}") = "Data", "src\GA2.Infraestructure\Data\Data.csproj", "{ECAE0A19-AFF3-4705-B694-F931A89F792C}"
EndProject
Project("{9A19103F-16F7-4668-BE54-9A1E7A4F7556}") = "Repositories", "src\GA2.Infraestructure\Repositories\Repositories.csproj", "{CE798F89-8CB8-4E79-81FD-CDC18DFF69D3}"
EndProject
Project("{2150E333-8FDC-42A3-9474-1A3956D46DE8}") = "GA2.Domain", "GA2.Domain", "{0848082C-CE0A-47BD-BCF8-39B4A88E4C93}"
EndProject
Project("{9A19103F-16F7-4668-BE54-9A1E7A4F7556}") = "Core", "src\GA2.Domain\Core\Core.csproj", "{13BD6C21-4C7F-496C-8075-D9F4247A5F8B}"
EndProject
Project("{9A19103F-16F7-4668-BE54-9A1E7A4F7556}") = "Entities", "src\GA2.Domain\Entities\Entities.csproj", "{CB2BED69-73E7-4768-9D6B-6BFA41B65AD2}"
EndProject
Project("{2150E333-8FDC-42A3-9474-1A3956D46DE8}") = "GA2.Application", "GA2.Application", "{6EF699B4-73B0-40B3-A212-ED842088BEF7}"
EndProject
Project("{9A19103F-16F7-4668-BE54-9A1E7A4F7556}") = "Main", "src\GA2.Application\Main\Main.csproj", "{D451C814-65F2-43D3-A2BE-2691B90EA55F}"
EndProject
Project("{2150E333-8FDC-42A3-9474-1A3956D46DE8}") = "GA2.Apis", "GA2.Apis", "{41439EA3-7136-466F-B92E-E4E200CE88BD}"
EndProject
Project("{9A19103F-16F7-4668-BE54-9A1E7A4F7556}") = "Identity", "src\GA2.Apis\Identity\Identity.csproj", "{7512927C-B87E-4230-B7DB-063A09CB79DE}"
EndProject
Project("{2150E333-8FDC-42A3-9474-1A3956D46DE8}") = "GA2.BuildingBlocks", "GA2.BuildingBlocks", "{694AEC96-9A64-48E0-86BA-900AD394495B}"
EndProject
Project("{2150E333-8FDC-42A3-9474-1A3956D46DE8}") = "Events", "Events", "{183C8A5B-D742-4326-8875-3F789402656C}"
EndProject
Project("{9A19103F-16F7-4668-BE54-9A1E7A4F7556}") = "BUA", "src\GA2.Apis\BUA\BUA.csproj", "{CDDEF151-3926-4967-8C3D-BF5D3915BEBE}"
EndProject
Project("{9A19103F-16F7-4668-BE54-9A1E7A4F7556}") = "GA2", "src\GA2.Apis\GA2\GA2.csproj", "{2C2E1099-371B-4667-9180-7639AA9F99E4}"
EndProject
Project("{2150E333-8FDC-42A3-9474-1A3956D46DE8}") = "GA2.DataBase", "GA2.DataBase", "{08BD23A5-001D-4D17-8A42-658940CE7250}"
EndProject
Project("{9A19103F-16F7-4668-BE54-9A1E7A4F7556}") = "DataBaseObjects", "src\GA2.DataBase\DataBaseObjects\DataBaseObjects.csproj", "{A26819CD-A769-4B79-91F5-35A5F32F15F8}"
EndProject
Project("{9A19103F-16F7-4668-BE54-9A1E7A4F7556}") = "Dto", "src\GA2.Application\Dto\Dto.csproj", "{CF2A87D8-57B1-4B1A-8656-1CE04BB219B2}"
EndProject
Project("{2150E333-8FDC-42A3-9474-1A3956D46DE8}") = "GA2.Test", "GA2.Test", "{C4CD5DA6-30F0-419C-9F80-A8812373FDC0}"
EndProject
Project("{2150E333-8FDC-42A3-9474-1A3956D46DE8}") = "GA2.AzureFunctions", "GA2.AzureFunctions", "{F27EFA01-EFC5-4697-9D1C-3D9571AA2500}"
EndProject
Project("{9A19103F-16F7-4668-BE54-9A1E7A4F7556}") = "GA2Functions", "src\GA2.AzureFunctions\GA2Functions\GA2Functions.csproj", "{CA3DE65E-1D8D-430E-90B4-537F1513FCAE}"
EndProject
Project("{9A19103F-16F7-4668-BE54-9A1E7A4F7556}") = "BUAFunctions", "src\GA2.AzureFunctions\BUAFunctions\BUAFunctions.csproj", "{B2847706-A115-40DD-9C42-1A3DB391B951}"
EndProject
Project("{9A19103F-16F7-4668-BE54-9A1E7A4F7556}") = "IdentityFunctions", "src\GA2.AzureFunctions\IdentityFunctions\IdentityFunctions.csproj", "{84B44088-84F9-4F9F-9DCD-9AED5CBD746F}"
EndProject
Project("{9A19103F-16F7-4668-BE54-9A1E7A4F7556}") = "Worker", "src\GA2.Apis\Worker\Worker.csproj", "{3E576903-3D85-457E-B1D7-53F418E645AB}"
EndProject
Global
	GlobalSection(SolutionConfigurationPlatforms) = preSolution
		Debug|Any CPU = Debug|Any CPU
		Debug|x64 = Debug|x64
		Debug|x86 = Debug|x86
		Desarrollo|Any CPU = Desarrollo|Any CPU
		Desarrollo|x64 = Desarrollo|x64
		Desarrollo|x86 = Desarrollo|x86
		Release|Any CPU = Release|Any CPU
		Release|x64 = Release|x64
		Release|x86 = Release|x86
	EndGlobalSection
	GlobalSection(ProjectConfigurationPlatforms) = postSolution
		{2641728E-E133-4DBC-B22E-FD431399D987}.Debug|Any CPU.ActiveCfg = Debug|Any CPU
		{2641728E-E133-4DBC-B22E-FD431399D987}.Debug|Any CPU.Build.0 = Debug|Any CPU
		{2641728E-E133-4DBC-B22E-FD431399D987}.Debug|x64.ActiveCfg = Debug|Any CPU
		{2641728E-E133-4DBC-B22E-FD431399D987}.Debug|x64.Build.0 = Debug|Any CPU
		{2641728E-E133-4DBC-B22E-FD431399D987}.Debug|x86.ActiveCfg = Debug|Any CPU
		{2641728E-E133-4DBC-B22E-FD431399D987}.Debug|x86.Build.0 = Debug|Any CPU
		{2641728E-E133-4DBC-B22E-FD431399D987}.Desarrollo|Any CPU.ActiveCfg = Desarrollo|Any CPU
		{2641728E-E133-4DBC-B22E-FD431399D987}.Desarrollo|Any CPU.Build.0 = Desarrollo|Any CPU
		{2641728E-E133-4DBC-B22E-FD431399D987}.Desarrollo|x64.ActiveCfg = Desarrollo|Any CPU
		{2641728E-E133-4DBC-B22E-FD431399D987}.Desarrollo|x64.Build.0 = Desarrollo|Any CPU
		{2641728E-E133-4DBC-B22E-FD431399D987}.Desarrollo|x86.ActiveCfg = Desarrollo|Any CPU
		{2641728E-E133-4DBC-B22E-FD431399D987}.Desarrollo|x86.Build.0 = Desarrollo|Any CPU
		{2641728E-E133-4DBC-B22E-FD431399D987}.Release|Any CPU.ActiveCfg = Release|Any CPU
		{2641728E-E133-4DBC-B22E-FD431399D987}.Release|Any CPU.Build.0 = Release|Any CPU
		{2641728E-E133-4DBC-B22E-FD431399D987}.Release|x64.ActiveCfg = Release|Any CPU
		{2641728E-E133-4DBC-B22E-FD431399D987}.Release|x64.Build.0 = Release|Any CPU
		{2641728E-E133-4DBC-B22E-FD431399D987}.Release|x86.ActiveCfg = Release|Any CPU
		{2641728E-E133-4DBC-B22E-FD431399D987}.Release|x86.Build.0 = Release|Any CPU
		{25BD843C-4374-4048-BB1F-A5DBE9564E00}.Debug|Any CPU.ActiveCfg = Debug|Any CPU
		{25BD843C-4374-4048-BB1F-A5DBE9564E00}.Debug|Any CPU.Build.0 = Debug|Any CPU
		{25BD843C-4374-4048-BB1F-A5DBE9564E00}.Debug|x64.ActiveCfg = Debug|Any CPU
		{25BD843C-4374-4048-BB1F-A5DBE9564E00}.Debug|x64.Build.0 = Debug|Any CPU
		{25BD843C-4374-4048-BB1F-A5DBE9564E00}.Debug|x86.ActiveCfg = Debug|Any CPU
		{25BD843C-4374-4048-BB1F-A5DBE9564E00}.Debug|x86.Build.0 = Debug|Any CPU
		{25BD843C-4374-4048-BB1F-A5DBE9564E00}.Desarrollo|Any CPU.ActiveCfg = Desarrollo|Any CPU
		{25BD843C-4374-4048-BB1F-A5DBE9564E00}.Desarrollo|Any CPU.Build.0 = Desarrollo|Any CPU
		{25BD843C-4374-4048-BB1F-A5DBE9564E00}.Desarrollo|x64.ActiveCfg = Desarrollo|Any CPU
		{25BD843C-4374-4048-BB1F-A5DBE9564E00}.Desarrollo|x64.Build.0 = Desarrollo|Any CPU
		{25BD843C-4374-4048-BB1F-A5DBE9564E00}.Desarrollo|x86.ActiveCfg = Desarrollo|Any CPU
		{25BD843C-4374-4048-BB1F-A5DBE9564E00}.Desarrollo|x86.Build.0 = Desarrollo|Any CPU
		{25BD843C-4374-4048-BB1F-A5DBE9564E00}.Release|Any CPU.ActiveCfg = Release|Any CPU
		{25BD843C-4374-4048-BB1F-A5DBE9564E00}.Release|Any CPU.Build.0 = Release|Any CPU
		{25BD843C-4374-4048-BB1F-A5DBE9564E00}.Release|x64.ActiveCfg = Release|Any CPU
		{25BD843C-4374-4048-BB1F-A5DBE9564E00}.Release|x64.Build.0 = Release|Any CPU
		{25BD843C-4374-4048-BB1F-A5DBE9564E00}.Release|x86.ActiveCfg = Release|Any CPU
		{25BD843C-4374-4048-BB1F-A5DBE9564E00}.Release|x86.Build.0 = Release|Any CPU
		{ECAE0A19-AFF3-4705-B694-F931A89F792C}.Debug|Any CPU.ActiveCfg = Debug|Any CPU
		{ECAE0A19-AFF3-4705-B694-F931A89F792C}.Debug|Any CPU.Build.0 = Debug|Any CPU
		{ECAE0A19-AFF3-4705-B694-F931A89F792C}.Debug|x64.ActiveCfg = Debug|Any CPU
		{ECAE0A19-AFF3-4705-B694-F931A89F792C}.Debug|x64.Build.0 = Debug|Any CPU
		{ECAE0A19-AFF3-4705-B694-F931A89F792C}.Debug|x86.ActiveCfg = Debug|Any CPU
		{ECAE0A19-AFF3-4705-B694-F931A89F792C}.Debug|x86.Build.0 = Debug|Any CPU
		{ECAE0A19-AFF3-4705-B694-F931A89F792C}.Desarrollo|Any CPU.ActiveCfg = Desarrollo|Any CPU
		{ECAE0A19-AFF3-4705-B694-F931A89F792C}.Desarrollo|Any CPU.Build.0 = Desarrollo|Any CPU
		{ECAE0A19-AFF3-4705-B694-F931A89F792C}.Desarrollo|x64.ActiveCfg = Desarrollo|Any CPU
		{ECAE0A19-AFF3-4705-B694-F931A89F792C}.Desarrollo|x64.Build.0 = Desarrollo|Any CPU
		{ECAE0A19-AFF3-4705-B694-F931A89F792C}.Desarrollo|x86.ActiveCfg = Desarrollo|Any CPU
		{ECAE0A19-AFF3-4705-B694-F931A89F792C}.Desarrollo|x86.Build.0 = Desarrollo|Any CPU
		{ECAE0A19-AFF3-4705-B694-F931A89F792C}.Release|Any CPU.ActiveCfg = Release|Any CPU
		{ECAE0A19-AFF3-4705-B694-F931A89F792C}.Release|Any CPU.Build.0 = Release|Any CPU
		{ECAE0A19-AFF3-4705-B694-F931A89F792C}.Release|x64.ActiveCfg = Release|Any CPU
		{ECAE0A19-AFF3-4705-B694-F931A89F792C}.Release|x64.Build.0 = Release|Any CPU
		{ECAE0A19-AFF3-4705-B694-F931A89F792C}.Release|x86.ActiveCfg = Release|Any CPU
		{ECAE0A19-AFF3-4705-B694-F931A89F792C}.Release|x86.Build.0 = Release|Any CPU
		{CE798F89-8CB8-4E79-81FD-CDC18DFF69D3}.Debug|Any CPU.ActiveCfg = Debug|Any CPU
		{CE798F89-8CB8-4E79-81FD-CDC18DFF69D3}.Debug|Any CPU.Build.0 = Debug|Any CPU
		{CE798F89-8CB8-4E79-81FD-CDC18DFF69D3}.Debug|x64.ActiveCfg = Debug|Any CPU
		{CE798F89-8CB8-4E79-81FD-CDC18DFF69D3}.Debug|x64.Build.0 = Debug|Any CPU
		{CE798F89-8CB8-4E79-81FD-CDC18DFF69D3}.Debug|x86.ActiveCfg = Debug|Any CPU
		{CE798F89-8CB8-4E79-81FD-CDC18DFF69D3}.Debug|x86.Build.0 = Debug|Any CPU
		{CE798F89-8CB8-4E79-81FD-CDC18DFF69D3}.Desarrollo|Any CPU.ActiveCfg = Desarrollo|Any CPU
		{CE798F89-8CB8-4E79-81FD-CDC18DFF69D3}.Desarrollo|Any CPU.Build.0 = Desarrollo|Any CPU
		{CE798F89-8CB8-4E79-81FD-CDC18DFF69D3}.Desarrollo|x64.ActiveCfg = Desarrollo|Any CPU
		{CE798F89-8CB8-4E79-81FD-CDC18DFF69D3}.Desarrollo|x64.Build.0 = Desarrollo|Any CPU
		{CE798F89-8CB8-4E79-81FD-CDC18DFF69D3}.Desarrollo|x86.ActiveCfg = Desarrollo|Any CPU
		{CE798F89-8CB8-4E79-81FD-CDC18DFF69D3}.Desarrollo|x86.Build.0 = Desarrollo|Any CPU
		{CE798F89-8CB8-4E79-81FD-CDC18DFF69D3}.Release|Any CPU.ActiveCfg = Release|Any CPU
		{CE798F89-8CB8-4E79-81FD-CDC18DFF69D3}.Release|Any CPU.Build.0 = Release|Any CPU
		{CE798F89-8CB8-4E79-81FD-CDC18DFF69D3}.Release|x64.ActiveCfg = Release|Any CPU
		{CE798F89-8CB8-4E79-81FD-CDC18DFF69D3}.Release|x64.Build.0 = Release|Any CPU
		{CE798F89-8CB8-4E79-81FD-CDC18DFF69D3}.Release|x86.ActiveCfg = Release|Any CPU
		{CE798F89-8CB8-4E79-81FD-CDC18DFF69D3}.Release|x86.Build.0 = Release|Any CPU
		{13BD6C21-4C7F-496C-8075-D9F4247A5F8B}.Debug|Any CPU.ActiveCfg = Debug|Any CPU
		{13BD6C21-4C7F-496C-8075-D9F4247A5F8B}.Debug|Any CPU.Build.0 = Debug|Any CPU
		{13BD6C21-4C7F-496C-8075-D9F4247A5F8B}.Debug|x64.ActiveCfg = Debug|Any CPU
		{13BD6C21-4C7F-496C-8075-D9F4247A5F8B}.Debug|x64.Build.0 = Debug|Any CPU
		{13BD6C21-4C7F-496C-8075-D9F4247A5F8B}.Debug|x86.ActiveCfg = Debug|Any CPU
		{13BD6C21-4C7F-496C-8075-D9F4247A5F8B}.Debug|x86.Build.0 = Debug|Any CPU
		{13BD6C21-4C7F-496C-8075-D9F4247A5F8B}.Desarrollo|Any CPU.ActiveCfg = Desarrollo|Any CPU
		{13BD6C21-4C7F-496C-8075-D9F4247A5F8B}.Desarrollo|Any CPU.Build.0 = Desarrollo|Any CPU
		{13BD6C21-4C7F-496C-8075-D9F4247A5F8B}.Desarrollo|x64.ActiveCfg = Desarrollo|Any CPU
		{13BD6C21-4C7F-496C-8075-D9F4247A5F8B}.Desarrollo|x64.Build.0 = Desarrollo|Any CPU
		{13BD6C21-4C7F-496C-8075-D9F4247A5F8B}.Desarrollo|x86.ActiveCfg = Desarrollo|Any CPU
		{13BD6C21-4C7F-496C-8075-D9F4247A5F8B}.Desarrollo|x86.Build.0 = Desarrollo|Any CPU
		{13BD6C21-4C7F-496C-8075-D9F4247A5F8B}.Release|Any CPU.ActiveCfg = Release|Any CPU
		{13BD6C21-4C7F-496C-8075-D9F4247A5F8B}.Release|Any CPU.Build.0 = Release|Any CPU
		{13BD6C21-4C7F-496C-8075-D9F4247A5F8B}.Release|x64.ActiveCfg = Release|Any CPU
		{13BD6C21-4C7F-496C-8075-D9F4247A5F8B}.Release|x64.Build.0 = Release|Any CPU
		{13BD6C21-4C7F-496C-8075-D9F4247A5F8B}.Release|x86.ActiveCfg = Release|Any CPU
		{13BD6C21-4C7F-496C-8075-D9F4247A5F8B}.Release|x86.Build.0 = Release|Any CPU
		{CB2BED69-73E7-4768-9D6B-6BFA41B65AD2}.Debug|Any CPU.ActiveCfg = Debug|Any CPU
		{CB2BED69-73E7-4768-9D6B-6BFA41B65AD2}.Debug|Any CPU.Build.0 = Debug|Any CPU
		{CB2BED69-73E7-4768-9D6B-6BFA41B65AD2}.Debug|x64.ActiveCfg = Debug|Any CPU
		{CB2BED69-73E7-4768-9D6B-6BFA41B65AD2}.Debug|x64.Build.0 = Debug|Any CPU
		{CB2BED69-73E7-4768-9D6B-6BFA41B65AD2}.Debug|x86.ActiveCfg = Debug|Any CPU
		{CB2BED69-73E7-4768-9D6B-6BFA41B65AD2}.Debug|x86.Build.0 = Debug|Any CPU
		{CB2BED69-73E7-4768-9D6B-6BFA41B65AD2}.Desarrollo|Any CPU.ActiveCfg = Desarrollo|Any CPU
		{CB2BED69-73E7-4768-9D6B-6BFA41B65AD2}.Desarrollo|Any CPU.Build.0 = Desarrollo|Any CPU
		{CB2BED69-73E7-4768-9D6B-6BFA41B65AD2}.Desarrollo|x64.ActiveCfg = Desarrollo|Any CPU
		{CB2BED69-73E7-4768-9D6B-6BFA41B65AD2}.Desarrollo|x64.Build.0 = Desarrollo|Any CPU
		{CB2BED69-73E7-4768-9D6B-6BFA41B65AD2}.Desarrollo|x86.ActiveCfg = Desarrollo|Any CPU
		{CB2BED69-73E7-4768-9D6B-6BFA41B65AD2}.Desarrollo|x86.Build.0 = Desarrollo|Any CPU
		{CB2BED69-73E7-4768-9D6B-6BFA41B65AD2}.Release|Any CPU.ActiveCfg = Release|Any CPU
		{CB2BED69-73E7-4768-9D6B-6BFA41B65AD2}.Release|Any CPU.Build.0 = Release|Any CPU
		{CB2BED69-73E7-4768-9D6B-6BFA41B65AD2}.Release|x64.ActiveCfg = Release|Any CPU
		{CB2BED69-73E7-4768-9D6B-6BFA41B65AD2}.Release|x64.Build.0 = Release|Any CPU
		{CB2BED69-73E7-4768-9D6B-6BFA41B65AD2}.Release|x86.ActiveCfg = Release|Any CPU
		{CB2BED69-73E7-4768-9D6B-6BFA41B65AD2}.Release|x86.Build.0 = Release|Any CPU
		{D451C814-65F2-43D3-A2BE-2691B90EA55F}.Debug|Any CPU.ActiveCfg = Debug|Any CPU
		{D451C814-65F2-43D3-A2BE-2691B90EA55F}.Debug|Any CPU.Build.0 = Debug|Any CPU
		{D451C814-65F2-43D3-A2BE-2691B90EA55F}.Debug|x64.ActiveCfg = Debug|Any CPU
		{D451C814-65F2-43D3-A2BE-2691B90EA55F}.Debug|x64.Build.0 = Debug|Any CPU
		{D451C814-65F2-43D3-A2BE-2691B90EA55F}.Debug|x86.ActiveCfg = Debug|Any CPU
		{D451C814-65F2-43D3-A2BE-2691B90EA55F}.Debug|x86.Build.0 = Debug|Any CPU
		{D451C814-65F2-43D3-A2BE-2691B90EA55F}.Desarrollo|Any CPU.ActiveCfg = Desarrollo|Any CPU
		{D451C814-65F2-43D3-A2BE-2691B90EA55F}.Desarrollo|Any CPU.Build.0 = Desarrollo|Any CPU
		{D451C814-65F2-43D3-A2BE-2691B90EA55F}.Desarrollo|x64.ActiveCfg = Desarrollo|Any CPU
		{D451C814-65F2-43D3-A2BE-2691B90EA55F}.Desarrollo|x64.Build.0 = Desarrollo|Any CPU
		{D451C814-65F2-43D3-A2BE-2691B90EA55F}.Desarrollo|x86.ActiveCfg = Desarrollo|Any CPU
		{D451C814-65F2-43D3-A2BE-2691B90EA55F}.Desarrollo|x86.Build.0 = Desarrollo|Any CPU
		{D451C814-65F2-43D3-A2BE-2691B90EA55F}.Release|Any CPU.ActiveCfg = Release|Any CPU
		{D451C814-65F2-43D3-A2BE-2691B90EA55F}.Release|Any CPU.Build.0 = Release|Any CPU
		{D451C814-65F2-43D3-A2BE-2691B90EA55F}.Release|x64.ActiveCfg = Release|Any CPU
		{D451C814-65F2-43D3-A2BE-2691B90EA55F}.Release|x64.Build.0 = Release|Any CPU
		{D451C814-65F2-43D3-A2BE-2691B90EA55F}.Release|x86.ActiveCfg = Release|Any CPU
		{D451C814-65F2-43D3-A2BE-2691B90EA55F}.Release|x86.Build.0 = Release|Any CPU
		{7512927C-B87E-4230-B7DB-063A09CB79DE}.Debug|Any CPU.ActiveCfg = Debug|Any CPU
		{7512927C-B87E-4230-B7DB-063A09CB79DE}.Debug|Any CPU.Build.0 = Debug|Any CPU
		{7512927C-B87E-4230-B7DB-063A09CB79DE}.Debug|x64.ActiveCfg = Debug|Any CPU
		{7512927C-B87E-4230-B7DB-063A09CB79DE}.Debug|x64.Build.0 = Debug|Any CPU
		{7512927C-B87E-4230-B7DB-063A09CB79DE}.Debug|x86.ActiveCfg = Debug|Any CPU
		{7512927C-B87E-4230-B7DB-063A09CB79DE}.Debug|x86.Build.0 = Debug|Any CPU
		{7512927C-B87E-4230-B7DB-063A09CB79DE}.Desarrollo|Any CPU.ActiveCfg = Desarrollo|Any CPU
		{7512927C-B87E-4230-B7DB-063A09CB79DE}.Desarrollo|Any CPU.Build.0 = Desarrollo|Any CPU
		{7512927C-B87E-4230-B7DB-063A09CB79DE}.Desarrollo|x64.ActiveCfg = Desarrollo|Any CPU
		{7512927C-B87E-4230-B7DB-063A09CB79DE}.Desarrollo|x64.Build.0 = Desarrollo|Any CPU
		{7512927C-B87E-4230-B7DB-063A09CB79DE}.Desarrollo|x86.ActiveCfg = Desarrollo|Any CPU
		{7512927C-B87E-4230-B7DB-063A09CB79DE}.Desarrollo|x86.Build.0 = Desarrollo|Any CPU
		{7512927C-B87E-4230-B7DB-063A09CB79DE}.Release|Any CPU.ActiveCfg = Release|Any CPU
		{7512927C-B87E-4230-B7DB-063A09CB79DE}.Release|Any CPU.Build.0 = Release|Any CPU
		{7512927C-B87E-4230-B7DB-063A09CB79DE}.Release|x64.ActiveCfg = Release|Any CPU
		{7512927C-B87E-4230-B7DB-063A09CB79DE}.Release|x64.Build.0 = Release|Any CPU
		{7512927C-B87E-4230-B7DB-063A09CB79DE}.Release|x86.ActiveCfg = Release|Any CPU
		{7512927C-B87E-4230-B7DB-063A09CB79DE}.Release|x86.Build.0 = Release|Any CPU
		{CDDEF151-3926-4967-8C3D-BF5D3915BEBE}.Debug|Any CPU.ActiveCfg = Debug|Any CPU
		{CDDEF151-3926-4967-8C3D-BF5D3915BEBE}.Debug|Any CPU.Build.0 = Debug|Any CPU
		{CDDEF151-3926-4967-8C3D-BF5D3915BEBE}.Debug|x64.ActiveCfg = Debug|Any CPU
		{CDDEF151-3926-4967-8C3D-BF5D3915BEBE}.Debug|x64.Build.0 = Debug|Any CPU
		{CDDEF151-3926-4967-8C3D-BF5D3915BEBE}.Debug|x86.ActiveCfg = Debug|Any CPU
		{CDDEF151-3926-4967-8C3D-BF5D3915BEBE}.Debug|x86.Build.0 = Debug|Any CPU
		{CDDEF151-3926-4967-8C3D-BF5D3915BEBE}.Desarrollo|Any CPU.ActiveCfg = Desarrollo|Any CPU
		{CDDEF151-3926-4967-8C3D-BF5D3915BEBE}.Desarrollo|Any CPU.Build.0 = Desarrollo|Any CPU
		{CDDEF151-3926-4967-8C3D-BF5D3915BEBE}.Desarrollo|x64.ActiveCfg = Desarrollo|Any CPU
		{CDDEF151-3926-4967-8C3D-BF5D3915BEBE}.Desarrollo|x64.Build.0 = Desarrollo|Any CPU
		{CDDEF151-3926-4967-8C3D-BF5D3915BEBE}.Desarrollo|x86.ActiveCfg = Desarrollo|Any CPU
		{CDDEF151-3926-4967-8C3D-BF5D3915BEBE}.Desarrollo|x86.Build.0 = Desarrollo|Any CPU
		{CDDEF151-3926-4967-8C3D-BF5D3915BEBE}.Release|Any CPU.ActiveCfg = Release|Any CPU
		{CDDEF151-3926-4967-8C3D-BF5D3915BEBE}.Release|Any CPU.Build.0 = Release|Any CPU
		{CDDEF151-3926-4967-8C3D-BF5D3915BEBE}.Release|x64.ActiveCfg = Release|Any CPU
		{CDDEF151-3926-4967-8C3D-BF5D3915BEBE}.Release|x64.Build.0 = Release|Any CPU
		{CDDEF151-3926-4967-8C3D-BF5D3915BEBE}.Release|x86.ActiveCfg = Release|Any CPU
		{CDDEF151-3926-4967-8C3D-BF5D3915BEBE}.Release|x86.Build.0 = Release|Any CPU
		{2C2E1099-371B-4667-9180-7639AA9F99E4}.Debug|Any CPU.ActiveCfg = Debug|Any CPU
		{2C2E1099-371B-4667-9180-7639AA9F99E4}.Debug|Any CPU.Build.0 = Debug|Any CPU
		{2C2E1099-371B-4667-9180-7639AA9F99E4}.Debug|x64.ActiveCfg = Debug|Any CPU
		{2C2E1099-371B-4667-9180-7639AA9F99E4}.Debug|x64.Build.0 = Debug|Any CPU
		{2C2E1099-371B-4667-9180-7639AA9F99E4}.Debug|x86.ActiveCfg = Debug|Any CPU
		{2C2E1099-371B-4667-9180-7639AA9F99E4}.Debug|x86.Build.0 = Debug|Any CPU
		{2C2E1099-371B-4667-9180-7639AA9F99E4}.Desarrollo|Any CPU.ActiveCfg = Desarrollo|Any CPU
		{2C2E1099-371B-4667-9180-7639AA9F99E4}.Desarrollo|Any CPU.Build.0 = Desarrollo|Any CPU
		{2C2E1099-371B-4667-9180-7639AA9F99E4}.Desarrollo|x64.ActiveCfg = Desarrollo|Any CPU
		{2C2E1099-371B-4667-9180-7639AA9F99E4}.Desarrollo|x64.Build.0 = Desarrollo|Any CPU
		{2C2E1099-371B-4667-9180-7639AA9F99E4}.Desarrollo|x86.ActiveCfg = Desarrollo|Any CPU
		{2C2E1099-371B-4667-9180-7639AA9F99E4}.Desarrollo|x86.Build.0 = Desarrollo|Any CPU
		{2C2E1099-371B-4667-9180-7639AA9F99E4}.Release|Any CPU.ActiveCfg = Release|Any CPU
		{2C2E1099-371B-4667-9180-7639AA9F99E4}.Release|Any CPU.Build.0 = Release|Any CPU
		{2C2E1099-371B-4667-9180-7639AA9F99E4}.Release|x64.ActiveCfg = Release|Any CPU
		{2C2E1099-371B-4667-9180-7639AA9F99E4}.Release|x64.Build.0 = Release|Any CPU
		{2C2E1099-371B-4667-9180-7639AA9F99E4}.Release|x86.ActiveCfg = Release|Any CPU
		{2C2E1099-371B-4667-9180-7639AA9F99E4}.Release|x86.Build.0 = Release|Any CPU
		{A26819CD-A769-4B79-91F5-35A5F32F15F8}.Debug|Any CPU.ActiveCfg = Debug|Any CPU
		{A26819CD-A769-4B79-91F5-35A5F32F15F8}.Debug|Any CPU.Build.0 = Debug|Any CPU
		{A26819CD-A769-4B79-91F5-35A5F32F15F8}.Debug|x64.ActiveCfg = Debug|Any CPU
		{A26819CD-A769-4B79-91F5-35A5F32F15F8}.Debug|x64.Build.0 = Debug|Any CPU
		{A26819CD-A769-4B79-91F5-35A5F32F15F8}.Debug|x86.ActiveCfg = Debug|Any CPU
		{A26819CD-A769-4B79-91F5-35A5F32F15F8}.Debug|x86.Build.0 = Debug|Any CPU
		{A26819CD-A769-4B79-91F5-35A5F32F15F8}.Desarrollo|Any CPU.ActiveCfg = Desarrollo|Any CPU
		{A26819CD-A769-4B79-91F5-35A5F32F15F8}.Desarrollo|Any CPU.Build.0 = Desarrollo|Any CPU
		{A26819CD-A769-4B79-91F5-35A5F32F15F8}.Desarrollo|x64.ActiveCfg = Desarrollo|Any CPU
		{A26819CD-A769-4B79-91F5-35A5F32F15F8}.Desarrollo|x64.Build.0 = Desarrollo|Any CPU
		{A26819CD-A769-4B79-91F5-35A5F32F15F8}.Desarrollo|x86.ActiveCfg = Desarrollo|Any CPU
		{A26819CD-A769-4B79-91F5-35A5F32F15F8}.Desarrollo|x86.Build.0 = Desarrollo|Any CPU
		{A26819CD-A769-4B79-91F5-35A5F32F15F8}.Release|Any CPU.ActiveCfg = Release|Any CPU
		{A26819CD-A769-4B79-91F5-35A5F32F15F8}.Release|Any CPU.Build.0 = Release|Any CPU
		{A26819CD-A769-4B79-91F5-35A5F32F15F8}.Release|x64.ActiveCfg = Release|Any CPU
		{A26819CD-A769-4B79-91F5-35A5F32F15F8}.Release|x64.Build.0 = Release|Any CPU
		{A26819CD-A769-4B79-91F5-35A5F32F15F8}.Release|x86.ActiveCfg = Release|Any CPU
		{A26819CD-A769-4B79-91F5-35A5F32F15F8}.Release|x86.Build.0 = Release|Any CPU
		{CF2A87D8-57B1-4B1A-8656-1CE04BB219B2}.Debug|Any CPU.ActiveCfg = Debug|Any CPU
		{CF2A87D8-57B1-4B1A-8656-1CE04BB219B2}.Debug|Any CPU.Build.0 = Debug|Any CPU
		{CF2A87D8-57B1-4B1A-8656-1CE04BB219B2}.Debug|x64.ActiveCfg = Debug|Any CPU
		{CF2A87D8-57B1-4B1A-8656-1CE04BB219B2}.Debug|x64.Build.0 = Debug|Any CPU
		{CF2A87D8-57B1-4B1A-8656-1CE04BB219B2}.Debug|x86.ActiveCfg = Debug|Any CPU
		{CF2A87D8-57B1-4B1A-8656-1CE04BB219B2}.Debug|x86.Build.0 = Debug|Any CPU
		{CF2A87D8-57B1-4B1A-8656-1CE04BB219B2}.Desarrollo|Any CPU.ActiveCfg = Desarrollo|Any CPU
		{CF2A87D8-57B1-4B1A-8656-1CE04BB219B2}.Desarrollo|Any CPU.Build.0 = Desarrollo|Any CPU
		{CF2A87D8-57B1-4B1A-8656-1CE04BB219B2}.Desarrollo|x64.ActiveCfg = Desarrollo|Any CPU
		{CF2A87D8-57B1-4B1A-8656-1CE04BB219B2}.Desarrollo|x64.Build.0 = Desarrollo|Any CPU
		{CF2A87D8-57B1-4B1A-8656-1CE04BB219B2}.Desarrollo|x86.ActiveCfg = Desarrollo|Any CPU
		{CF2A87D8-57B1-4B1A-8656-1CE04BB219B2}.Desarrollo|x86.Build.0 = Desarrollo|Any CPU
		{CF2A87D8-57B1-4B1A-8656-1CE04BB219B2}.Release|Any CPU.ActiveCfg = Release|Any CPU
		{CF2A87D8-57B1-4B1A-8656-1CE04BB219B2}.Release|Any CPU.Build.0 = Release|Any CPU
		{CF2A87D8-57B1-4B1A-8656-1CE04BB219B2}.Release|x64.ActiveCfg = Release|Any CPU
		{CF2A87D8-57B1-4B1A-8656-1CE04BB219B2}.Release|x64.Build.0 = Release|Any CPU
		{CF2A87D8-57B1-4B1A-8656-1CE04BB219B2}.Release|x86.ActiveCfg = Release|Any CPU
		{CF2A87D8-57B1-4B1A-8656-1CE04BB219B2}.Release|x86.Build.0 = Release|Any CPU
		{CA3DE65E-1D8D-430E-90B4-537F1513FCAE}.Debug|Any CPU.ActiveCfg = Debug|Any CPU
		{CA3DE65E-1D8D-430E-90B4-537F1513FCAE}.Debug|Any CPU.Build.0 = Debug|Any CPU
		{CA3DE65E-1D8D-430E-90B4-537F1513FCAE}.Debug|x64.ActiveCfg = Debug|Any CPU
		{CA3DE65E-1D8D-430E-90B4-537F1513FCAE}.Debug|x64.Build.0 = Debug|Any CPU
		{CA3DE65E-1D8D-430E-90B4-537F1513FCAE}.Debug|x86.ActiveCfg = Debug|Any CPU
		{CA3DE65E-1D8D-430E-90B4-537F1513FCAE}.Debug|x86.Build.0 = Debug|Any CPU
		{CA3DE65E-1D8D-430E-90B4-537F1513FCAE}.Desarrollo|Any CPU.ActiveCfg = Debug|Any CPU
		{CA3DE65E-1D8D-430E-90B4-537F1513FCAE}.Desarrollo|Any CPU.Build.0 = Debug|Any CPU
		{CA3DE65E-1D8D-430E-90B4-537F1513FCAE}.Desarrollo|x64.ActiveCfg = Debug|Any CPU
		{CA3DE65E-1D8D-430E-90B4-537F1513FCAE}.Desarrollo|x64.Build.0 = Debug|Any CPU
		{CA3DE65E-1D8D-430E-90B4-537F1513FCAE}.Desarrollo|x86.ActiveCfg = Debug|Any CPU
		{CA3DE65E-1D8D-430E-90B4-537F1513FCAE}.Desarrollo|x86.Build.0 = Debug|Any CPU
		{CA3DE65E-1D8D-430E-90B4-537F1513FCAE}.Release|Any CPU.ActiveCfg = Release|Any CPU
		{CA3DE65E-1D8D-430E-90B4-537F1513FCAE}.Release|Any CPU.Build.0 = Release|Any CPU
		{CA3DE65E-1D8D-430E-90B4-537F1513FCAE}.Release|x64.ActiveCfg = Release|Any CPU
		{CA3DE65E-1D8D-430E-90B4-537F1513FCAE}.Release|x64.Build.0 = Release|Any CPU
		{CA3DE65E-1D8D-430E-90B4-537F1513FCAE}.Release|x86.ActiveCfg = Release|Any CPU
		{CA3DE65E-1D8D-430E-90B4-537F1513FCAE}.Release|x86.Build.0 = Release|Any CPU
		{B2847706-A115-40DD-9C42-1A3DB391B951}.Debug|Any CPU.ActiveCfg = Debug|Any CPU
		{B2847706-A115-40DD-9C42-1A3DB391B951}.Debug|Any CPU.Build.0 = Debug|Any CPU
		{B2847706-A115-40DD-9C42-1A3DB391B951}.Debug|x64.ActiveCfg = Debug|Any CPU
		{B2847706-A115-40DD-9C42-1A3DB391B951}.Debug|x64.Build.0 = Debug|Any CPU
		{B2847706-A115-40DD-9C42-1A3DB391B951}.Debug|x86.ActiveCfg = Debug|Any CPU
		{B2847706-A115-40DD-9C42-1A3DB391B951}.Debug|x86.Build.0 = Debug|Any CPU
		{B2847706-A115-40DD-9C42-1A3DB391B951}.Desarrollo|Any CPU.ActiveCfg = Debug|Any CPU
		{B2847706-A115-40DD-9C42-1A3DB391B951}.Desarrollo|Any CPU.Build.0 = Debug|Any CPU
		{B2847706-A115-40DD-9C42-1A3DB391B951}.Desarrollo|x64.ActiveCfg = Debug|Any CPU
		{B2847706-A115-40DD-9C42-1A3DB391B951}.Desarrollo|x64.Build.0 = Debug|Any CPU
		{B2847706-A115-40DD-9C42-1A3DB391B951}.Desarrollo|x86.ActiveCfg = Debug|Any CPU
		{B2847706-A115-40DD-9C42-1A3DB391B951}.Desarrollo|x86.Build.0 = Debug|Any CPU
		{B2847706-A115-40DD-9C42-1A3DB391B951}.Release|Any CPU.ActiveCfg = Release|Any CPU
		{B2847706-A115-40DD-9C42-1A3DB391B951}.Release|Any CPU.Build.0 = Release|Any CPU
		{B2847706-A115-40DD-9C42-1A3DB391B951}.Release|x64.ActiveCfg = Release|Any CPU
		{B2847706-A115-40DD-9C42-1A3DB391B951}.Release|x64.Build.0 = Release|Any CPU
		{B2847706-A115-40DD-9C42-1A3DB391B951}.Release|x86.ActiveCfg = Release|Any CPU
		{B2847706-A115-40DD-9C42-1A3DB391B951}.Release|x86.Build.0 = Release|Any CPU
		{84B44088-84F9-4F9F-9DCD-9AED5CBD746F}.Debug|Any CPU.ActiveCfg = Debug|Any CPU
		{84B44088-84F9-4F9F-9DCD-9AED5CBD746F}.Debug|Any CPU.Build.0 = Debug|Any CPU
		{84B44088-84F9-4F9F-9DCD-9AED5CBD746F}.Debug|x64.ActiveCfg = Debug|Any CPU
		{84B44088-84F9-4F9F-9DCD-9AED5CBD746F}.Debug|x64.Build.0 = Debug|Any CPU
		{84B44088-84F9-4F9F-9DCD-9AED5CBD746F}.Debug|x86.ActiveCfg = Debug|Any CPU
		{84B44088-84F9-4F9F-9DCD-9AED5CBD746F}.Debug|x86.Build.0 = Debug|Any CPU
		{84B44088-84F9-4F9F-9DCD-9AED5CBD746F}.Desarrollo|Any CPU.ActiveCfg = Debug|Any CPU
		{84B44088-84F9-4F9F-9DCD-9AED5CBD746F}.Desarrollo|Any CPU.Build.0 = Debug|Any CPU
		{84B44088-84F9-4F9F-9DCD-9AED5CBD746F}.Desarrollo|x64.ActiveCfg = Debug|Any CPU
		{84B44088-84F9-4F9F-9DCD-9AED5CBD746F}.Desarrollo|x64.Build.0 = Debug|Any CPU
		{84B44088-84F9-4F9F-9DCD-9AED5CBD746F}.Desarrollo|x86.ActiveCfg = Debug|Any CPU
		{84B44088-84F9-4F9F-9DCD-9AED5CBD746F}.Desarrollo|x86.Build.0 = Debug|Any CPU
		{84B44088-84F9-4F9F-9DCD-9AED5CBD746F}.Release|Any CPU.ActiveCfg = Release|Any CPU
		{84B44088-84F9-4F9F-9DCD-9AED5CBD746F}.Release|Any CPU.Build.0 = Release|Any CPU
		{84B44088-84F9-4F9F-9DCD-9AED5CBD746F}.Release|x64.ActiveCfg = Release|Any CPU
		{84B44088-84F9-4F9F-9DCD-9AED5CBD746F}.Release|x64.Build.0 = Release|Any CPU
		{84B44088-84F9-4F9F-9DCD-9AED5CBD746F}.Release|x86.ActiveCfg = Release|Any CPU
		{84B44088-84F9-4F9F-9DCD-9AED5CBD746F}.Release|x86.Build.0 = Release|Any CPU
		{3E576903-3D85-457E-B1D7-53F418E645AB}.Debug|Any CPU.ActiveCfg = Debug|Any CPU
		{3E576903-3D85-457E-B1D7-53F418E645AB}.Debug|Any CPU.Build.0 = Debug|Any CPU
		{3E576903-3D85-457E-B1D7-53F418E645AB}.Debug|x64.ActiveCfg = Debug|Any CPU
		{3E576903-3D85-457E-B1D7-53F418E645AB}.Debug|x64.Build.0 = Debug|Any CPU
		{3E576903-3D85-457E-B1D7-53F418E645AB}.Debug|x86.ActiveCfg = Debug|Any CPU
		{3E576903-3D85-457E-B1D7-53F418E645AB}.Debug|x86.Build.0 = Debug|Any CPU
		{3E576903-3D85-457E-B1D7-53F418E645AB}.Desarrollo|Any CPU.ActiveCfg = Debug|Any CPU
		{3E576903-3D85-457E-B1D7-53F418E645AB}.Desarrollo|Any CPU.Build.0 = Debug|Any CPU
		{3E576903-3D85-457E-B1D7-53F418E645AB}.Desarrollo|x64.ActiveCfg = Debug|Any CPU
		{3E576903-3D85-457E-B1D7-53F418E645AB}.Desarrollo|x64.Build.0 = Debug|Any CPU
		{3E576903-3D85-457E-B1D7-53F418E645AB}.Desarrollo|x86.ActiveCfg = Debug|Any CPU
		{3E576903-3D85-457E-B1D7-53F418E645AB}.Desarrollo|x86.Build.0 = Debug|Any CPU
		{3E576903-3D85-457E-B1D7-53F418E645AB}.Release|Any CPU.ActiveCfg = Release|Any CPU
		{3E576903-3D85-457E-B1D7-53F418E645AB}.Release|Any CPU.Build.0 = Release|Any CPU
		{3E576903-3D85-457E-B1D7-53F418E645AB}.Release|x64.ActiveCfg = Release|Any CPU
		{3E576903-3D85-457E-B1D7-53F418E645AB}.Release|x64.Build.0 = Release|Any CPU
		{3E576903-3D85-457E-B1D7-53F418E645AB}.Release|x86.ActiveCfg = Release|Any CPU
		{3E576903-3D85-457E-B1D7-53F418E645AB}.Release|x86.Build.0 = Release|Any CPU
	EndGlobalSection
	GlobalSection(SolutionProperties) = preSolution
		HideSolutionNode = FALSE
	EndGlobalSection
	GlobalSection(NestedProjects) = preSolution
		{13FA2262-718F-421E-9B52-C0AF8C42D9FD} = {2B270A78-A011-48CA-AFFF-EF5E532FE96A}
		{2641728E-E133-4DBC-B22E-FD431399D987} = {13FA2262-718F-421E-9B52-C0AF8C42D9FD}
		{25BD843C-4374-4048-BB1F-A5DBE9564E00} = {13FA2262-718F-421E-9B52-C0AF8C42D9FD}
		{50993AE4-2FF5-4727-B370-371EBDB04CCE} = {2B270A78-A011-48CA-AFFF-EF5E532FE96A}
		{ECAE0A19-AFF3-4705-B694-F931A89F792C} = {50993AE4-2FF5-4727-B370-371EBDB04CCE}
		{CE798F89-8CB8-4E79-81FD-CDC18DFF69D3} = {50993AE4-2FF5-4727-B370-371EBDB04CCE}
		{0848082C-CE0A-47BD-BCF8-39B4A88E4C93} = {2B270A78-A011-48CA-AFFF-EF5E532FE96A}
		{13BD6C21-4C7F-496C-8075-D9F4247A5F8B} = {0848082C-CE0A-47BD-BCF8-39B4A88E4C93}
		{CB2BED69-73E7-4768-9D6B-6BFA41B65AD2} = {0848082C-CE0A-47BD-BCF8-39B4A88E4C93}
		{6EF699B4-73B0-40B3-A212-ED842088BEF7} = {2B270A78-A011-48CA-AFFF-EF5E532FE96A}
		{D451C814-65F2-43D3-A2BE-2691B90EA55F} = {6EF699B4-73B0-40B3-A212-ED842088BEF7}
		{41439EA3-7136-466F-B92E-E4E200CE88BD} = {2B270A78-A011-48CA-AFFF-EF5E532FE96A}
		{7512927C-B87E-4230-B7DB-063A09CB79DE} = {41439EA3-7136-466F-B92E-E4E200CE88BD}
		{694AEC96-9A64-48E0-86BA-900AD394495B} = {2B270A78-A011-48CA-AFFF-EF5E532FE96A}
		{183C8A5B-D742-4326-8875-3F789402656C} = {694AEC96-9A64-48E0-86BA-900AD394495B}
		{CDDEF151-3926-4967-8C3D-BF5D3915BEBE} = {41439EA3-7136-466F-B92E-E4E200CE88BD}
		{2C2E1099-371B-4667-9180-7639AA9F99E4} = {41439EA3-7136-466F-B92E-E4E200CE88BD}
		{08BD23A5-001D-4D17-8A42-658940CE7250} = {2B270A78-A011-48CA-AFFF-EF5E532FE96A}
		{A26819CD-A769-4B79-91F5-35A5F32F15F8} = {08BD23A5-001D-4D17-8A42-658940CE7250}
		{CF2A87D8-57B1-4B1A-8656-1CE04BB219B2} = {6EF699B4-73B0-40B3-A212-ED842088BEF7}
		{C4CD5DA6-30F0-419C-9F80-A8812373FDC0} = {2B270A78-A011-48CA-AFFF-EF5E532FE96A}
		{F27EFA01-EFC5-4697-9D1C-3D9571AA2500} = {2B270A78-A011-48CA-AFFF-EF5E532FE96A}
		{CA3DE65E-1D8D-430E-90B4-537F1513FCAE} = {F27EFA01-EFC5-4697-9D1C-3D9571AA2500}
		{B2847706-A115-40DD-9C42-1A3DB391B951} = {F27EFA01-EFC5-4697-9D1C-3D9571AA2500}
		{84B44088-84F9-4F9F-9DCD-9AED5CBD746F} = {F27EFA01-EFC5-4697-9D1C-3D9571AA2500}
		{3E576903-3D85-457E-B1D7-53F418E645AB} = {41439EA3-7136-466F-B92E-E4E200CE88BD}
	EndGlobalSection
	GlobalSection(ExtensibilityGlobals) = postSolution
		SolutionGuid = {5F2F13DC-1F17-4828-829F-11EE68519860}
	EndGlobalSection
EndGlobal
